
Microsoft Visual Studio Solution File, Format Version 12.00
# Visual Studio Version 16
VisualStudioVersion = 16.0.30114.105
MinimumVisualStudioVersion = 10.0.40219.1
Project("{F2A71F9B-5D33-465A-A702-920D77279786}") = "SortingTests", "Tests\SortingTests.fsproj", "{43D8FA50-E2C3-4A78-9694-97C22E691545}"
EndProject
Project("{F2A71F9B-5D33-465A-A702-920D77279786}") = "Algs", "Algs\Algs.fsproj", "{F581717C-DC72-427D-8C24-23ECACA453EB}"
EndProject
Project("{F2A71F9B-5D33-465A-A702-920D77279786}") = "Benchmarks", "Benchmarks\Benchmarks.fsproj", "{ABCF7DBE-1CBF-4723-90EB-55C29E715ACC}"
EndProject
Global
	GlobalSection(SolutionConfigurationPlatforms) = preSolution
		Debug|Any CPU = Debug|Any CPU
		Debug|x64 = Debug|x64
		Debug|x86 = Debug|x86
		Release|Any CPU = Release|Any CPU
		Release|x64 = Release|x64
		Release|x86 = Release|x86
	EndGlobalSection
	GlobalSection(SolutionProperties) = preSolution
		HideSolutionNode = FALSE
	EndGlobalSection
	GlobalSection(ProjectConfigurationPlatforms) = postSolution
		{43D8FA50-E2C3-4A78-9694-97C22E691545}.Debug|Any CPU.ActiveCfg = Debug|Any CPU
		{43D8FA50-E2C3-4A78-9694-97C22E691545}.Debug|Any CPU.Build.0 = Debug|Any CPU
		{43D8FA50-E2C3-4A78-9694-97C22E691545}.Debug|x64.ActiveCfg = Debug|Any CPU
		{43D8FA50-E2C3-4A78-9694-97C22E691545}.Debug|x64.Build.0 = Debug|Any CPU
		{43D8FA50-E2C3-4A78-9694-97C22E691545}.Debug|x86.ActiveCfg = Debug|Any CPU
		{43D8FA50-E2C3-4A78-9694-97C22E691545}.Debug|x86.Build.0 = Debug|Any CPU
		{43D8FA50-E2C3-4A78-9694-97C22E691545}.Release|Any CPU.ActiveCfg = Release|Any CPU
		{43D8FA50-E2C3-4A78-9694-97C22E691545}.Release|Any CPU.Build.0 = Release|Any CPU
		{43D8FA50-E2C3-4A78-9694-97C22E691545}.Release|x64.ActiveCfg = Release|Any CPU
		{43D8FA50-E2C3-4A78-9694-97C22E691545}.Release|x64.Build.0 = Release|Any CPU
		{43D8FA50-E2C3-4A78-9694-97C22E691545}.Release|x86.ActiveCfg = Release|Any CPU
		{43D8FA50-E2C3-4A78-9694-97C22E691545}.Release|x86.Build.0 = Release|Any CPU
		{F581717C-DC72-427D-8C24-23ECACA453EB}.Debug|Any CPU.ActiveCfg = Debug|Any CPU
		{F581717C-DC72-427D-8C24-23ECACA453EB}.Debug|Any CPU.Build.0 = Debug|Any CPU
		{F581717C-DC72-427D-8C24-23ECACA453EB}.Debug|x64.ActiveCfg = Debug|Any CPU
		{F581717C-DC72-427D-8C24-23ECACA453EB}.Debug|x64.Build.0 = Debug|Any CPU
		{F581717C-DC72-427D-8C24-23ECACA453EB}.Debug|x86.ActiveCfg = Debug|Any CPU
		{F581717C-DC72-427D-8C24-23ECACA453EB}.Debug|x86.Build.0 = Debug|Any CPU
		{F581717C-DC72-427D-8C24-23ECACA453EB}.Release|Any CPU.ActiveCfg = Release|Any CPU
		{F581717C-DC72-427D-8C24-23ECACA453EB}.Release|Any CPU.Build.0 = Release|Any CPU
		{F581717C-DC72-427D-8C24-23ECACA453EB}.Release|x64.ActiveCfg = Release|Any CPU
		{F581717C-DC72-427D-8C24-23ECACA453EB}.Release|x64.Build.0 = Release|Any CPU
		{F581717C-DC72-427D-8C24-23ECACA453EB}.Release|x86.ActiveCfg = Release|Any CPU
		{F581717C-DC72-427D-8C24-23ECACA453EB}.Release|x86.Build.0 = Release|Any CPU
		{ABCF7DBE-1CBF-4723-90EB-55C29E715ACC}.Debug|Any CPU.ActiveCfg = Debug|Any CPU
		{ABCF7DBE-1CBF-4723-90EB-55C29E715ACC}.Debug|Any CPU.Build.0 = Debug|Any CPU
		{ABCF7DBE-1CBF-4723-90EB-55C29E715ACC}.Debug|x64.ActiveCfg = Debug|Any CPU
		{ABCF7DBE-1CBF-4723-90EB-55C29E715ACC}.Debug|x64.Build.0 = Debug|Any CPU
		{ABCF7DBE-1CBF-4723-90EB-55C29E715ACC}.Debug|x86.ActiveCfg = Debug|Any CPU
		{ABCF7DBE-1CBF-4723-90EB-55C29E715ACC}.Debug|x86.Build.0 = Debug|Any CPU
		{ABCF7DBE-1CBF-4723-90EB-55C29E715ACC}.Release|Any CPU.ActiveCfg = Release|Any CPU
		{ABCF7DBE-1CBF-4723-90EB-55C29E715ACC}.Release|Any CPU.Build.0 = Release|Any CPU
		{ABCF7DBE-1CBF-4723-90EB-55C29E715ACC}.Release|x64.ActiveCfg = Release|Any CPU
		{ABCF7DBE-1CBF-4723-90EB-55C29E715ACC}.Release|x64.Build.0 = Release|Any CPU
		{ABCF7DBE-1CBF-4723-90EB-55C29E715ACC}.Release|x86.ActiveCfg = Release|Any CPU
		{ABCF7DBE-1CBF-4723-90EB-55C29E715ACC}.Release|x86.Build.0 = Release|Any CPU
	EndGlobalSection
EndGlobal
